
Microsoft Visual Studio Solution File, Format Version 12.00
# Visual Studio Version 16
VisualStudioVersion = 16.0.32126.315
MinimumVisualStudioVersion = 10.0.40219.1
Project("{9A19103F-16F7-4668-BE54-9A1E7A4F7556}") = "ConsoleApp1", "ConsoleApp1.csproj", "{13C44E35-C1F1-4B2A-B8CD-508ED554C9A8}"
EndProject
Project("{2150E333-8FDC-42A3-9474-1A3956D46DE8}") = "Solution Items", "Solution Items", "{17455700-6C3C-4E88-80AA-DB76D44CBB6F}"
	ProjectSection(SolutionItems) = preProject
		.editorconfig = .editorconfig
	EndProjectSection
EndProject
Global
	GlobalSection(SolutionConfigurationPlatforms) = preSolution
		Debug|Any CPU = Debug|Any CPU
		Release|Any CPU = Release|Any CPU
	EndGlobalSection
	GlobalSection(ProjectConfigurationPlatforms) = postSolution
		{13C44E35-C1F1-4B2A-B8CD-508ED554C9A8}.Debug|Any CPU.ActiveCfg = Debug|Any CPU
		{13C44E35-C1F1-4B2A-B8CD-508ED554C9A8}.Debug|Any CPU.Build.0 = Debug|Any CPU
		{13C44E35-C1F1-4B2A-B8CD-508ED554C9A8}.Release|Any CPU.ActiveCfg = Release|Any CPU
		{13C44E35-C1F1-4B2A-B8CD-508ED554C9A8}.Release|Any CPU.Build.0 = Release|Any CPU
	EndGlobalSection
	GlobalSection(SolutionProperties) = preSolution
		HideSolutionNode = FALSE
	EndGlobalSection
	GlobalSection(ExtensibilityGlobals) = postSolution
		SolutionGuid = {AC9E3BEF-1D94-47DD-9924-5D40DDFAC0FE}
	EndGlobalSection
EndGlobal
